// !$*UTF8*$!
{
	archiveVersion = 1;
	classes = {
	};
	objectVersion = 50;
	objects = {

/* Begin PBXBuildFile section */
		72C25C23F756369F0C349332 /* Pods_CheckSplitter.framework in Frameworks */ = {isa = PBXBuildFile; fileRef = 752C8E711788A0D34B5A3857 /* Pods_CheckSplitter.framework */; };
		760B0E0325FA75BD000A38C1 /* AppDelegate.swift in Sources */ = {isa = PBXBuildFile; fileRef = 760B0E0225FA75BD000A38C1 /* AppDelegate.swift */; };
		760B0E0525FA75BD000A38C1 /* SceneDelegate.swift in Sources */ = {isa = PBXBuildFile; fileRef = 760B0E0425FA75BD000A38C1 /* SceneDelegate.swift */; };
		760B0E0725FA75BD000A38C1 /* ContentView.swift in Sources */ = {isa = PBXBuildFile; fileRef = 760B0E0625FA75BD000A38C1 /* ContentView.swift */; };
		760B0E0925FA75C0000A38C1 /* Assets.xcassets in Resources */ = {isa = PBXBuildFile; fileRef = 760B0E0825FA75C0000A38C1 /* Assets.xcassets */; };
		760B0E0C25FA75C0000A38C1 /* Preview Assets.xcassets in Resources */ = {isa = PBXBuildFile; fileRef = 760B0E0B25FA75C0000A38C1 /* Preview Assets.xcassets */; };
		760B0E0F25FA75C0000A38C1 /* LaunchScreen.storyboard in Resources */ = {isa = PBXBuildFile; fileRef = 760B0E0D25FA75C0000A38C1 /* LaunchScreen.storyboard */; };
		760B0E1A25FA75C0000A38C1 /* CheckSplitterTests.swift in Sources */ = {isa = PBXBuildFile; fileRef = 760B0E1925FA75C0000A38C1 /* CheckSplitterTests.swift */; };
		760B0E2525FA75C0000A38C1 /* CheckSplitterUITests.swift in Sources */ = {isa = PBXBuildFile; fileRef = 760B0E2425FA75C0000A38C1 /* CheckSplitterUITests.swift */; };
		7616C1372630451E00EB0123 /* LinearGradientView.swift in Sources */ = {isa = PBXBuildFile; fileRef = 7616C1362630451E00EB0123 /* LinearGradientView.swift */; };
		7616C1392630485500EB0123 /* FoodCart.swift in Sources */ = {isa = PBXBuildFile; fileRef = 7616C1382630485500EB0123 /* FoodCart.swift */; };
		7616C13B26304BDA00EB0123 /* FoodDisplay.swift in Sources */ = {isa = PBXBuildFile; fileRef = 7616C13A26304BDA00EB0123 /* FoodDisplay.swift */; };
		761E7099263860CE00DCEA97 /* PayView.swift in Sources */ = {isa = PBXBuildFile; fileRef = 761E7098263860CE00DCEA97 /* PayView.swift */; };
		761E709B263860EF00DCEA97 /* PayCard.swift in Sources */ = {isa = PBXBuildFile; fileRef = 761E709A263860EF00DCEA97 /* PayCard.swift */; };
		761E70A0263866D200DCEA97 /* DismissView.swift in Sources */ = {isa = PBXBuildFile; fileRef = 761E709F263866D200DCEA97 /* DismissView.swift */; };
		7647397A2636FC9F0049F380 /* ListView.swift in Sources */ = {isa = PBXBuildFile; fileRef = 764739792636FC9F0049F380 /* ListView.swift */; };
		76768830262DD6520014DFA4 /* Payer.swift in Sources */ = {isa = PBXBuildFile; fileRef = 7676882F262DD6520014DFA4 /* Payer.swift */; };
		76768834262DDC650014DFA4 /* PayerDetail.swift in Sources */ = {isa = PBXBuildFile; fileRef = 76768833262DDC650014DFA4 /* PayerDetail.swift */; };
		76768836262E07820014DFA4 /* ItemView.swift in Sources */ = {isa = PBXBuildFile; fileRef = 76768835262E07820014DFA4 /* ItemView.swift */; };
		76768838262E6E5D0014DFA4 /* PayerList.swift in Sources */ = {isa = PBXBuildFile; fileRef = 76768837262E6E5D0014DFA4 /* PayerList.swift */; };
		76A0272326292638001165CC /* ButtonView.swift in Sources */ = {isa = PBXBuildFile; fileRef = 76A0272226292638001165CC /* ButtonView.swift */; };
		76C55BF42628BA96007982AA /* ImagePicker.swift in Sources */ = {isa = PBXBuildFile; fileRef = 76C55BF32628BA96007982AA /* ImagePicker.swift */; };
		76D681D3262F1CD30085A887 /* PayerCard.swift in Sources */ = {isa = PBXBuildFile; fileRef = 76D681D2262F1CD30085A887 /* PayerCard.swift */; };
		76D681D5262F220C0085A887 /* FoodItem.swift in Sources */ = {isa = PBXBuildFile; fileRef = 76D681D4262F220C0085A887 /* FoodItem.swift */; };
/* End PBXBuildFile section */

/* Begin PBXContainerItemProxy section */
		760B0E1625FA75C0000A38C1 /* PBXContainerItemProxy */ = {
			isa = PBXContainerItemProxy;
			containerPortal = 760B0DF725FA75BD000A38C1 /* Project object */;
			proxyType = 1;
			remoteGlobalIDString = 760B0DFE25FA75BD000A38C1;
			remoteInfo = CheckSplitter;
		};
		760B0E2125FA75C0000A38C1 /* PBXContainerItemProxy */ = {
			isa = PBXContainerItemProxy;
			containerPortal = 760B0DF725FA75BD000A38C1 /* Project object */;
			proxyType = 1;
			remoteGlobalIDString = 760B0DFE25FA75BD000A38C1;
			remoteInfo = CheckSplitter;
		};
/* End PBXContainerItemProxy section */

/* Begin PBXFileReference section */
		187B3B56963896BACE7C6DAD /* Pods-CheckSplitter.debug.xcconfig */ = {isa = PBXFileReference; includeInIndex = 1; lastKnownFileType = text.xcconfig; name = "Pods-CheckSplitter.debug.xcconfig"; path = "Target Support Files/Pods-CheckSplitter/Pods-CheckSplitter.debug.xcconfig"; sourceTree = "<group>"; };
		617D843D17ACC606FAD6A6A3 /* Pods-CheckSplitter.release.xcconfig */ = {isa = PBXFileReference; includeInIndex = 1; lastKnownFileType = text.xcconfig; name = "Pods-CheckSplitter.release.xcconfig"; path = "Target Support Files/Pods-CheckSplitter/Pods-CheckSplitter.release.xcconfig"; sourceTree = "<group>"; };
		752C8E711788A0D34B5A3857 /* Pods_CheckSplitter.framework */ = {isa = PBXFileReference; explicitFileType = wrapper.framework; includeInIndex = 0; path = Pods_CheckSplitter.framework; sourceTree = BUILT_PRODUCTS_DIR; };
		760B0DFF25FA75BD000A38C1 /* CheckSplitter.app */ = {isa = PBXFileReference; explicitFileType = wrapper.application; includeInIndex = 0; path = CheckSplitter.app; sourceTree = BUILT_PRODUCTS_DIR; };
		760B0E0225FA75BD000A38C1 /* AppDelegate.swift */ = {isa = PBXFileReference; lastKnownFileType = sourcecode.swift; path = AppDelegate.swift; sourceTree = "<group>"; };
		760B0E0425FA75BD000A38C1 /* SceneDelegate.swift */ = {isa = PBXFileReference; lastKnownFileType = sourcecode.swift; path = SceneDelegate.swift; sourceTree = "<group>"; };
		760B0E0625FA75BD000A38C1 /* ContentView.swift */ = {isa = PBXFileReference; lastKnownFileType = sourcecode.swift; path = ContentView.swift; sourceTree = "<group>"; };
		760B0E0825FA75C0000A38C1 /* Assets.xcassets */ = {isa = PBXFileReference; lastKnownFileType = folder.assetcatalog; path = Assets.xcassets; sourceTree = "<group>"; };
		760B0E0B25FA75C0000A38C1 /* Preview Assets.xcassets */ = {isa = PBXFileReference; lastKnownFileType = folder.assetcatalog; path = "Preview Assets.xcassets"; sourceTree = "<group>"; };
		760B0E0E25FA75C0000A38C1 /* Base */ = {isa = PBXFileReference; lastKnownFileType = file.storyboard; name = Base; path = Base.lproj/LaunchScreen.storyboard; sourceTree = "<group>"; };
		760B0E1025FA75C0000A38C1 /* Info.plist */ = {isa = PBXFileReference; lastKnownFileType = text.plist.xml; path = Info.plist; sourceTree = "<group>"; };
		760B0E1525FA75C0000A38C1 /* CheckSplitterTests.xctest */ = {isa = PBXFileReference; explicitFileType = wrapper.cfbundle; includeInIndex = 0; path = CheckSplitterTests.xctest; sourceTree = BUILT_PRODUCTS_DIR; };
		760B0E1925FA75C0000A38C1 /* CheckSplitterTests.swift */ = {isa = PBXFileReference; lastKnownFileType = sourcecode.swift; path = CheckSplitterTests.swift; sourceTree = "<group>"; };
		760B0E1B25FA75C0000A38C1 /* Info.plist */ = {isa = PBXFileReference; lastKnownFileType = text.plist.xml; path = Info.plist; sourceTree = "<group>"; };
		760B0E2025FA75C0000A38C1 /* CheckSplitterUITests.xctest */ = {isa = PBXFileReference; explicitFileType = wrapper.cfbundle; includeInIndex = 0; path = CheckSplitterUITests.xctest; sourceTree = BUILT_PRODUCTS_DIR; };
		760B0E2425FA75C0000A38C1 /* CheckSplitterUITests.swift */ = {isa = PBXFileReference; lastKnownFileType = sourcecode.swift; path = CheckSplitterUITests.swift; sourceTree = "<group>"; };
		760B0E2625FA75C0000A38C1 /* Info.plist */ = {isa = PBXFileReference; lastKnownFileType = text.plist.xml; path = Info.plist; sourceTree = "<group>"; };
		7616C1362630451E00EB0123 /* LinearGradientView.swift */ = {isa = PBXFileReference; lastKnownFileType = sourcecode.swift; path = LinearGradientView.swift; sourceTree = "<group>"; };
		7616C1382630485500EB0123 /* FoodCart.swift */ = {isa = PBXFileReference; lastKnownFileType = sourcecode.swift; path = FoodCart.swift; sourceTree = "<group>"; };
		7616C13A26304BDA00EB0123 /* FoodDisplay.swift */ = {isa = PBXFileReference; lastKnownFileType = sourcecode.swift; path = FoodDisplay.swift; sourceTree = "<group>"; };
		761E7098263860CE00DCEA97 /* PayView.swift */ = {isa = PBXFileReference; lastKnownFileType = sourcecode.swift; path = PayView.swift; sourceTree = "<group>"; };
		761E709A263860EF00DCEA97 /* PayCard.swift */ = {isa = PBXFileReference; lastKnownFileType = sourcecode.swift; path = PayCard.swift; sourceTree = "<group>"; };
		761E709F263866D200DCEA97 /* DismissView.swift */ = {isa = PBXFileReference; lastKnownFileType = sourcecode.swift; path = DismissView.swift; sourceTree = "<group>"; };
		764739792636FC9F0049F380 /* ListView.swift */ = {isa = PBXFileReference; lastKnownFileType = sourcecode.swift; path = ListView.swift; sourceTree = "<group>"; };
		7676882F262DD6520014DFA4 /* Payer.swift */ = {isa = PBXFileReference; lastKnownFileType = sourcecode.swift; path = Payer.swift; sourceTree = "<group>"; };
		76768833262DDC650014DFA4 /* PayerDetail.swift */ = {isa = PBXFileReference; lastKnownFileType = sourcecode.swift; path = PayerDetail.swift; sourceTree = "<group>"; };
		76768835262E07820014DFA4 /* ItemView.swift */ = {isa = PBXFileReference; lastKnownFileType = sourcecode.swift; path = ItemView.swift; sourceTree = "<group>"; };
		76768837262E6E5D0014DFA4 /* PayerList.swift */ = {isa = PBXFileReference; lastKnownFileType = sourcecode.swift; path = PayerList.swift; sourceTree = "<group>"; };
		76A0272226292638001165CC /* ButtonView.swift */ = {isa = PBXFileReference; lastKnownFileType = sourcecode.swift; path = ButtonView.swift; sourceTree = "<group>"; };
		76C55BF32628BA96007982AA /* ImagePicker.swift */ = {isa = PBXFileReference; lastKnownFileType = sourcecode.swift; path = ImagePicker.swift; sourceTree = "<group>"; };
		76D681D2262F1CD30085A887 /* PayerCard.swift */ = {isa = PBXFileReference; lastKnownFileType = sourcecode.swift; path = PayerCard.swift; sourceTree = "<group>"; };
		76D681D4262F220C0085A887 /* FoodItem.swift */ = {isa = PBXFileReference; lastKnownFileType = sourcecode.swift; path = FoodItem.swift; sourceTree = "<group>"; };
/* End PBXFileReference section */

/* Begin PBXFrameworksBuildPhase section */
		760B0DFC25FA75BD000A38C1 /* Frameworks */ = {
			isa = PBXFrameworksBuildPhase;
			buildActionMask = 2147483647;
			files = (
				72C25C23F756369F0C349332 /* Pods_CheckSplitter.framework in Frameworks */,
			);
			runOnlyForDeploymentPostprocessing = 0;
		};
		760B0E1225FA75C0000A38C1 /* Frameworks */ = {
			isa = PBXFrameworksBuildPhase;
			buildActionMask = 2147483647;
			files = (
			);
			runOnlyForDeploymentPostprocessing = 0;
		};
		760B0E1D25FA75C0000A38C1 /* Frameworks */ = {
			isa = PBXFrameworksBuildPhase;
			buildActionMask = 2147483647;
			files = (
			);
			runOnlyForDeploymentPostprocessing = 0;
		};
/* End PBXFrameworksBuildPhase section */

/* Begin PBXGroup section */
		5CD724FDEAE83D9479C59B14 /* Frameworks */ = {
			isa = PBXGroup;
			children = (
				752C8E711788A0D34B5A3857 /* Pods_CheckSplitter.framework */,
			);
			name = Frameworks;
			sourceTree = "<group>";
		};
		760B0DF625FA75BD000A38C1 = {
			isa = PBXGroup;
			children = (
				760B0E0125FA75BD000A38C1 /* CheckSplitter */,
				760B0E1825FA75C0000A38C1 /* CheckSplitterTests */,
				760B0E2325FA75C0000A38C1 /* CheckSplitterUITests */,
				760B0E0025FA75BD000A38C1 /* Products */,
				BD85A803A24E6C9D8A24B3B1 /* Pods */,
				5CD724FDEAE83D9479C59B14 /* Frameworks */,
			);
			sourceTree = "<group>";
		};
		760B0E0025FA75BD000A38C1 /* Products */ = {
			isa = PBXGroup;
			children = (
				760B0DFF25FA75BD000A38C1 /* CheckSplitter.app */,
				760B0E1525FA75C0000A38C1 /* CheckSplitterTests.xctest */,
				760B0E2025FA75C0000A38C1 /* CheckSplitterUITests.xctest */,
			);
			name = Products;
			sourceTree = "<group>";
		};
		760B0E0125FA75BD000A38C1 /* CheckSplitter */ = {
			isa = PBXGroup;
			children = (
				76D681DA262F37280085A887 /* Views */,
				76D681D9262F37110085A887 /* Delegates */,
				76D681D8262F34AF0085A887 /* Object Classes */,
				760B0E0825FA75C0000A38C1 /* Assets.xcassets */,
				760B0E0D25FA75C0000A38C1 /* LaunchScreen.storyboard */,
				760B0E1025FA75C0000A38C1 /* Info.plist */,
				760B0E0A25FA75C0000A38C1 /* Preview Content */,
			);
			path = CheckSplitter;
			sourceTree = "<group>";
		};
		760B0E0A25FA75C0000A38C1 /* Preview Content */ = {
			isa = PBXGroup;
			children = (
				760B0E0B25FA75C0000A38C1 /* Preview Assets.xcassets */,
			);
			path = "Preview Content";
			sourceTree = "<group>";
		};
		760B0E1825FA75C0000A38C1 /* CheckSplitterTests */ = {
			isa = PBXGroup;
			children = (
				760B0E1925FA75C0000A38C1 /* CheckSplitterTests.swift */,
				760B0E1B25FA75C0000A38C1 /* Info.plist */,
			);
			path = CheckSplitterTests;
			sourceTree = "<group>";
		};
		760B0E2325FA75C0000A38C1 /* CheckSplitterUITests */ = {
			isa = PBXGroup;
			children = (
				760B0E2425FA75C0000A38C1 /* CheckSplitterUITests.swift */,
				760B0E2625FA75C0000A38C1 /* Info.plist */,
			);
			path = CheckSplitterUITests;
			sourceTree = "<group>";
		};
		761E709C263860F500DCEA97 /* Payer Views */ = {
			isa = PBXGroup;
			children = (
				761E709A263860EF00DCEA97 /* PayCard.swift */,
				761E7098263860CE00DCEA97 /* PayView.swift */,
				76D681D2262F1CD30085A887 /* PayerCard.swift */,
				76768833262DDC650014DFA4 /* PayerDetail.swift */,
				76768837262E6E5D0014DFA4 /* PayerList.swift */,
			);
			path = "Payer Views";
			sourceTree = "<group>";
		};
		761E709D2638611100DCEA97 /* Food Views */ = {
			isa = PBXGroup;
			children = (
				7616C13A26304BDA00EB0123 /* FoodDisplay.swift */,
				76768835262E07820014DFA4 /* ItemView.swift */,
				764739792636FC9F0049F380 /* ListView.swift */,
			);
			path = "Food Views";
			sourceTree = "<group>";
		};
		761E709E2638612800DCEA97 /* General Views */ = {
			isa = PBXGroup;
			children = (
				76A0272226292638001165CC /* ButtonView.swift */,
				760B0E0625FA75BD000A38C1 /* ContentView.swift */,
				761E709F263866D200DCEA97 /* DismissView.swift */,
				7616C1362630451E00EB0123 /* LinearGradientView.swift */,
			);
			path = "General Views";
			sourceTree = "<group>";
		};
		76D681D8262F34AF0085A887 /* Object Classes */ = {
			isa = PBXGroup;
			children = (
				7616C1382630485500EB0123 /* FoodCart.swift */,
				76D681D4262F220C0085A887 /* FoodItem.swift */,
				76C55BF32628BA96007982AA /* ImagePicker.swift */,
				7676882F262DD6520014DFA4 /* Payer.swift */,
			);
			path = "Object Classes";
			sourceTree = "<group>";
		};
		76D681D9262F37110085A887 /* Delegates */ = {
			isa = PBXGroup;
			children = (
				760B0E0225FA75BD000A38C1 /* AppDelegate.swift */,
				760B0E0425FA75BD000A38C1 /* SceneDelegate.swift */,
			);
			path = Delegates;
			sourceTree = "<group>";
		};
		76D681DA262F37280085A887 /* Views */ = {
			isa = PBXGroup;
			children = (
				761E709E2638612800DCEA97 /* General Views */,
				761E709D2638611100DCEA97 /* Food Views */,
				761E709C263860F500DCEA97 /* Payer Views */,
			);
			path = Views;
			sourceTree = "<group>";
		};
		BD85A803A24E6C9D8A24B3B1 /* Pods */ = {
			isa = PBXGroup;
			children = (
				187B3B56963896BACE7C6DAD /* Pods-CheckSplitter.debug.xcconfig */,
				617D843D17ACC606FAD6A6A3 /* Pods-CheckSplitter.release.xcconfig */,
			);
			path = Pods;
			sourceTree = "<group>";
		};
/* End PBXGroup section */

/* Begin PBXNativeTarget section */
		760B0DFE25FA75BD000A38C1 /* CheckSplitter */ = {
			isa = PBXNativeTarget;
			buildConfigurationList = 760B0E2925FA75C0000A38C1 /* Build configuration list for PBXNativeTarget "CheckSplitter" */;
			buildPhases = (
				FA9E6BF99ACBFA92D3C3483A /* [CP] Check Pods Manifest.lock */,
				760B0DFB25FA75BD000A38C1 /* Sources */,
				760B0DFC25FA75BD000A38C1 /* Frameworks */,
				760B0DFD25FA75BD000A38C1 /* Resources */,
			);
			buildRules = (
			);
			dependencies = (
			);
			name = CheckSplitter;
			productName = CheckSplitter;
			productReference = 760B0DFF25FA75BD000A38C1 /* CheckSplitter.app */;
			productType = "com.apple.product-type.application";
		};
		760B0E1425FA75C0000A38C1 /* CheckSplitterTests */ = {
			isa = PBXNativeTarget;
			buildConfigurationList = 760B0E2C25FA75C0000A38C1 /* Build configuration list for PBXNativeTarget "CheckSplitterTests" */;
			buildPhases = (
				760B0E1125FA75C0000A38C1 /* Sources */,
				760B0E1225FA75C0000A38C1 /* Frameworks */,
				760B0E1325FA75C0000A38C1 /* Resources */,
			);
			buildRules = (
			);
			dependencies = (
				760B0E1725FA75C0000A38C1 /* PBXTargetDependency */,
			);
			name = CheckSplitterTests;
			productName = CheckSplitterTests;
			productReference = 760B0E1525FA75C0000A38C1 /* CheckSplitterTests.xctest */;
			productType = "com.apple.product-type.bundle.unit-test";
		};
		760B0E1F25FA75C0000A38C1 /* CheckSplitterUITests */ = {
			isa = PBXNativeTarget;
			buildConfigurationList = 760B0E2F25FA75C0000A38C1 /* Build configuration list for PBXNativeTarget "CheckSplitterUITests" */;
			buildPhases = (
				760B0E1C25FA75C0000A38C1 /* Sources */,
				760B0E1D25FA75C0000A38C1 /* Frameworks */,
				760B0E1E25FA75C0000A38C1 /* Resources */,
			);
			buildRules = (
			);
			dependencies = (
				760B0E2225FA75C0000A38C1 /* PBXTargetDependency */,
			);
			name = CheckSplitterUITests;
			productName = CheckSplitterUITests;
			productReference = 760B0E2025FA75C0000A38C1 /* CheckSplitterUITests.xctest */;
			productType = "com.apple.product-type.bundle.ui-testing";
		};
/* End PBXNativeTarget section */

/* Begin PBXProject section */
		760B0DF725FA75BD000A38C1 /* Project object */ = {
			isa = PBXProject;
			attributes = {
				LastSwiftUpdateCheck = 1160;
				LastUpgradeCheck = 1160;
				ORGANIZATIONNAME = "Krzysztof Jarocha (student LM)";
				TargetAttributes = {
					760B0DFE25FA75BD000A38C1 = {
						CreatedOnToolsVersion = 11.6;
					};
					760B0E1425FA75C0000A38C1 = {
						CreatedOnToolsVersion = 11.6;
						TestTargetID = 760B0DFE25FA75BD000A38C1;
					};
					760B0E1F25FA75C0000A38C1 = {
						CreatedOnToolsVersion = 11.6;
						TestTargetID = 760B0DFE25FA75BD000A38C1;
					};
				};
			};
			buildConfigurationList = 760B0DFA25FA75BD000A38C1 /* Build configuration list for PBXProject "CheckSplitter" */;
			compatibilityVersion = "Xcode 9.3";
			developmentRegion = en;
			hasScannedForEncodings = 0;
			knownRegions = (
				en,
				Base,
			);
			mainGroup = 760B0DF625FA75BD000A38C1;
			productRefGroup = 760B0E0025FA75BD000A38C1 /* Products */;
			projectDirPath = "";
			projectRoot = "";
			targets = (
				760B0DFE25FA75BD000A38C1 /* CheckSplitter */,
				760B0E1425FA75C0000A38C1 /* CheckSplitterTests */,
				760B0E1F25FA75C0000A38C1 /* CheckSplitterUITests */,
			);
		};
/* End PBXProject section */

/* Begin PBXResourcesBuildPhase section */
		760B0DFD25FA75BD000A38C1 /* Resources */ = {
			isa = PBXResourcesBuildPhase;
			buildActionMask = 2147483647;
			files = (
				760B0E0F25FA75C0000A38C1 /* LaunchScreen.storyboard in Resources */,
				760B0E0C25FA75C0000A38C1 /* Preview Assets.xcassets in Resources */,
				760B0E0925FA75C0000A38C1 /* Assets.xcassets in Resources */,
			);
			runOnlyForDeploymentPostprocessing = 0;
		};
		760B0E1325FA75C0000A38C1 /* Resources */ = {
			isa = PBXResourcesBuildPhase;
			buildActionMask = 2147483647;
			files = (
			);
			runOnlyForDeploymentPostprocessing = 0;
		};
		760B0E1E25FA75C0000A38C1 /* Resources */ = {
			isa = PBXResourcesBuildPhase;
			buildActionMask = 2147483647;
			files = (
			);
			runOnlyForDeploymentPostprocessing = 0;
		};
/* End PBXResourcesBuildPhase section */

/* Begin PBXShellScriptBuildPhase section */
		FA9E6BF99ACBFA92D3C3483A /* [CP] Check Pods Manifest.lock */ = {
			isa = PBXShellScriptBuildPhase;
			buildActionMask = 2147483647;
			files = (
			);
			inputFileListPaths = (
			);
			inputPaths = (
				"${PODS_PODFILE_DIR_PATH}/Podfile.lock",
				"${PODS_ROOT}/Manifest.lock",
			);
			name = "[CP] Check Pods Manifest.lock";
			outputFileListPaths = (
			);
			outputPaths = (
				"$(DERIVED_FILE_DIR)/Pods-CheckSplitter-checkManifestLockResult.txt",
			);
			runOnlyForDeploymentPostprocessing = 0;
			shellPath = /bin/sh;
			shellScript = "diff \"${PODS_PODFILE_DIR_PATH}/Podfile.lock\" \"${PODS_ROOT}/Manifest.lock\" > /dev/null\nif [ $? != 0 ] ; then\n    # print error to STDERR\n    echo \"error: The sandbox is not in sync with the Podfile.lock. Run 'pod install' or update your CocoaPods installation.\" >&2\n    exit 1\nfi\n# This output is used by Xcode 'outputs' to avoid re-running this script phase.\necho \"SUCCESS\" > \"${SCRIPT_OUTPUT_FILE_0}\"\n";
			showEnvVarsInLog = 0;
		};
/* End PBXShellScriptBuildPhase section */

/* Begin PBXSourcesBuildPhase section */
		760B0DFB25FA75BD000A38C1 /* Sources */ = {
			isa = PBXSourcesBuildPhase;
			buildActionMask = 2147483647;
			files = (
				76768838262E6E5D0014DFA4 /* PayerList.swift in Sources */,
				760B0E0325FA75BD000A38C1 /* AppDelegate.swift in Sources */,
				7647397A2636FC9F0049F380 /* ListView.swift in Sources */,
				761E709B263860EF00DCEA97 /* PayCard.swift in Sources */,
				76C55BF42628BA96007982AA /* ImagePicker.swift in Sources */,
				761E70A0263866D200DCEA97 /* DismissView.swift in Sources */,
				76768834262DDC650014DFA4 /* PayerDetail.swift in Sources */,
				76768836262E07820014DFA4 /* ItemView.swift in Sources */,
				7616C1392630485500EB0123 /* FoodCart.swift in Sources */,
				76A0272326292638001165CC /* ButtonView.swift in Sources */,
				7616C13B26304BDA00EB0123 /* FoodDisplay.swift in Sources */,
				760B0E0525FA75BD000A38C1 /* SceneDelegate.swift in Sources */,
				7616C1372630451E00EB0123 /* LinearGradientView.swift in Sources */,
				76D681D3262F1CD30085A887 /* PayerCard.swift in Sources */,
				760B0E0725FA75BD000A38C1 /* ContentView.swift in Sources */,
				761E7099263860CE00DCEA97 /* PayView.swift in Sources */,
				76768830262DD6520014DFA4 /* Payer.swift in Sources */,
				76D681D5262F220C0085A887 /* FoodItem.swift in Sources */,
			);
			runOnlyForDeploymentPostprocessing = 0;
		};
		760B0E1125FA75C0000A38C1 /* Sources */ = {
			isa = PBXSourcesBuildPhase;
			buildActionMask = 2147483647;
			files = (
				760B0E1A25FA75C0000A38C1 /* CheckSplitterTests.swift in Sources */,
			);
			runOnlyForDeploymentPostprocessing = 0;
		};
		760B0E1C25FA75C0000A38C1 /* Sources */ = {
			isa = PBXSourcesBuildPhase;
			buildActionMask = 2147483647;
			files = (
				760B0E2525FA75C0000A38C1 /* CheckSplitterUITests.swift in Sources */,
			);
			runOnlyForDeploymentPostprocessing = 0;
		};
/* End PBXSourcesBuildPhase section */

/* Begin PBXTargetDependency section */
		760B0E1725FA75C0000A38C1 /* PBXTargetDependency */ = {
			isa = PBXTargetDependency;
			target = 760B0DFE25FA75BD000A38C1 /* CheckSplitter */;
			targetProxy = 760B0E1625FA75C0000A38C1 /* PBXContainerItemProxy */;
		};
		760B0E2225FA75C0000A38C1 /* PBXTargetDependency */ = {
			isa = PBXTargetDependency;
			target = 760B0DFE25FA75BD000A38C1 /* CheckSplitter */;
			targetProxy = 760B0E2125FA75C0000A38C1 /* PBXContainerItemProxy */;
		};
/* End PBXTargetDependency section */

/* Begin PBXVariantGroup section */
		760B0E0D25FA75C0000A38C1 /* LaunchScreen.storyboard */ = {
			isa = PBXVariantGroup;
			children = (
				760B0E0E25FA75C0000A38C1 /* Base */,
			);
			name = LaunchScreen.storyboard;
			sourceTree = "<group>";
		};
/* End PBXVariantGroup section */

/* Begin XCBuildConfiguration section */
		760B0E2725FA75C0000A38C1 /* Debug */ = {
			isa = XCBuildConfiguration;
			buildSettings = {
				ALWAYS_SEARCH_USER_PATHS = NO;
				CLANG_ANALYZER_NONNULL = YES;
				CLANG_ANALYZER_NUMBER_OBJECT_CONVERSION = YES_AGGRESSIVE;
				CLANG_CXX_LANGUAGE_STANDARD = "gnu++14";
				CLANG_CXX_LIBRARY = "libc++";
				CLANG_ENABLE_MODULES = YES;
				CLANG_ENABLE_OBJC_ARC = YES;
				CLANG_ENABLE_OBJC_WEAK = YES;
				CLANG_WARN_BLOCK_CAPTURE_AUTORELEASING = YES;
				CLANG_WARN_BOOL_CONVERSION = YES;
				CLANG_WARN_COMMA = YES;
				CLANG_WARN_CONSTANT_CONVERSION = YES;
				CLANG_WARN_DEPRECATED_OBJC_IMPLEMENTATIONS = YES;
				CLANG_WARN_DIRECT_OBJC_ISA_USAGE = YES_ERROR;
				CLANG_WARN_DOCUMENTATION_COMMENTS = YES;
				CLANG_WARN_EMPTY_BODY = YES;
				CLANG_WARN_ENUM_CONVERSION = YES;
				CLANG_WARN_INFINITE_RECURSION = YES;
				CLANG_WARN_INT_CONVERSION = YES;
				CLANG_WARN_NON_LITERAL_NULL_CONVERSION = YES;
				CLANG_WARN_OBJC_IMPLICIT_RETAIN_SELF = YES;
				CLANG_WARN_OBJC_LITERAL_CONVERSION = YES;
				CLANG_WARN_OBJC_ROOT_CLASS = YES_ERROR;
				CLANG_WARN_RANGE_LOOP_ANALYSIS = YES;
				CLANG_WARN_STRICT_PROTOTYPES = YES;
				CLANG_WARN_SUSPICIOUS_MOVE = YES;
				CLANG_WARN_UNGUARDED_AVAILABILITY = YES_AGGRESSIVE;
				CLANG_WARN_UNREACHABLE_CODE = YES;
				CLANG_WARN__DUPLICATE_METHOD_MATCH = YES;
				COPY_PHASE_STRIP = NO;
				DEBUG_INFORMATION_FORMAT = dwarf;
				ENABLE_STRICT_OBJC_MSGSEND = YES;
				ENABLE_TESTABILITY = YES;
				GCC_C_LANGUAGE_STANDARD = gnu11;
				GCC_DYNAMIC_NO_PIC = NO;
				GCC_NO_COMMON_BLOCKS = YES;
				GCC_OPTIMIZATION_LEVEL = 0;
				GCC_PREPROCESSOR_DEFINITIONS = (
					"DEBUG=1",
					"$(inherited)",
				);
				GCC_WARN_64_TO_32_BIT_CONVERSION = YES;
				GCC_WARN_ABOUT_RETURN_TYPE = YES_ERROR;
				GCC_WARN_UNDECLARED_SELECTOR = YES;
				GCC_WARN_UNINITIALIZED_AUTOS = YES_AGGRESSIVE;
				GCC_WARN_UNUSED_FUNCTION = YES;
				GCC_WARN_UNUSED_VARIABLE = YES;
				IPHONEOS_DEPLOYMENT_TARGET = 13.6;
				MTL_ENABLE_DEBUG_INFO = INCLUDE_SOURCE;
				MTL_FAST_MATH = YES;
				ONLY_ACTIVE_ARCH = YES;
				SDKROOT = iphoneos;
				SWIFT_ACTIVE_COMPILATION_CONDITIONS = DEBUG;
				SWIFT_OPTIMIZATION_LEVEL = "-Onone";
			};
			name = Debug;
		};
		760B0E2825FA75C0000A38C1 /* Release */ = {
			isa = XCBuildConfiguration;
			buildSettings = {
				ALWAYS_SEARCH_USER_PATHS = NO;
				CLANG_ANALYZER_NONNULL = YES;
				CLANG_ANALYZER_NUMBER_OBJECT_CONVERSION = YES_AGGRESSIVE;
				CLANG_CXX_LANGUAGE_STANDARD = "gnu++14";
				CLANG_CXX_LIBRARY = "libc++";
				CLANG_ENABLE_MODULES = YES;
				CLANG_ENABLE_OBJC_ARC = YES;
				CLANG_ENABLE_OBJC_WEAK = YES;
				CLANG_WARN_BLOCK_CAPTURE_AUTORELEASING = YES;
				CLANG_WARN_BOOL_CONVERSION = YES;
				CLANG_WARN_COMMA = YES;
				CLANG_WARN_CONSTANT_CONVERSION = YES;
				CLANG_WARN_DEPRECATED_OBJC_IMPLEMENTATIONS = YES;
				CLANG_WARN_DIRECT_OBJC_ISA_USAGE = YES_ERROR;
				CLANG_WARN_DOCUMENTATION_COMMENTS = YES;
				CLANG_WARN_EMPTY_BODY = YES;
				CLANG_WARN_ENUM_CONVERSION = YES;
				CLANG_WARN_INFINITE_RECURSION = YES;
				CLANG_WARN_INT_CONVERSION = YES;
				CLANG_WARN_NON_LITERAL_NULL_CONVERSION = YES;
				CLANG_WARN_OBJC_IMPLICIT_RETAIN_SELF = YES;
				CLANG_WARN_OBJC_LITERAL_CONVERSION = YES;
				CLANG_WARN_OBJC_ROOT_CLASS = YES_ERROR;
				CLANG_WARN_RANGE_LOOP_ANALYSIS = YES;
				CLANG_WARN_STRICT_PROTOTYPES = YES;
				CLANG_WARN_SUSPICIOUS_MOVE = YES;
				CLANG_WARN_UNGUARDED_AVAILABILITY = YES_AGGRESSIVE;
				CLANG_WARN_UNREACHABLE_CODE = YES;
				CLANG_WARN__DUPLICATE_METHOD_MATCH = YES;
				COPY_PHASE_STRIP = NO;
				DEBUG_INFORMATION_FORMAT = "dwarf-with-dsym";
				ENABLE_NS_ASSERTIONS = NO;
				ENABLE_STRICT_OBJC_MSGSEND = YES;
				GCC_C_LANGUAGE_STANDARD = gnu11;
				GCC_NO_COMMON_BLOCKS = YES;
				GCC_WARN_64_TO_32_BIT_CONVERSION = YES;
				GCC_WARN_ABOUT_RETURN_TYPE = YES_ERROR;
				GCC_WARN_UNDECLARED_SELECTOR = YES;
				GCC_WARN_UNINITIALIZED_AUTOS = YES_AGGRESSIVE;
				GCC_WARN_UNUSED_FUNCTION = YES;
				GCC_WARN_UNUSED_VARIABLE = YES;
				IPHONEOS_DEPLOYMENT_TARGET = 13.6;
				MTL_ENABLE_DEBUG_INFO = NO;
				MTL_FAST_MATH = YES;
				SDKROOT = iphoneos;
				SWIFT_COMPILATION_MODE = wholemodule;
				SWIFT_OPTIMIZATION_LEVEL = "-O";
				VALIDATE_PRODUCT = YES;
			};
			name = Release;
		};
		760B0E2A25FA75C0000A38C1 /* Debug */ = {
			isa = XCBuildConfiguration;
			baseConfigurationReference = 187B3B56963896BACE7C6DAD /* Pods-CheckSplitter.debug.xcconfig */;
			buildSettings = {
				ASSETCATALOG_COMPILER_APPICON_NAME = AppIcon;
				CODE_SIGN_STYLE = Automatic;
				DEVELOPMENT_ASSET_PATHS = "\"CheckSplitter/Preview Content\"";
				ENABLE_PREVIEWS = YES;
				INFOPLIST_FILE = CheckSplitter/Info.plist;
				LD_RUNPATH_SEARCH_PATHS = (
					"$(inherited)",
					"@executable_path/Frameworks",
				);
				PRODUCT_BUNDLE_IDENTIFIER = "New-Wave-Resolution.CheckSplitter";
				PRODUCT_NAME = "$(TARGET_NAME)";
				SWIFT_VERSION = 5.0;
				TARGETED_DEVICE_FAMILY = "1,2";
			};
			name = Debug;
		};
		760B0E2B25FA75C0000A38C1 /* Release */ = {
			isa = XCBuildConfiguration;
			baseConfigurationReference = 617D843D17ACC606FAD6A6A3 /* Pods-CheckSplitter.release.xcconfig */;
			buildSettings = {
				ASSETCATALOG_COMPILER_APPICON_NAME = AppIcon;
				CODE_SIGN_STYLE = Automatic;
				DEVELOPMENT_ASSET_PATHS = "\"CheckSplitter/Preview Content\"";
				ENABLE_PREVIEWS = YES;
				INFOPLIST_FILE = CheckSplitter/Info.plist;
				LD_RUNPATH_SEARCH_PATHS = (
					"$(inherited)",
					"@executable_path/Frameworks",
				);
				PRODUCT_BUNDLE_IDENTIFIER = "New-Wave-Resolution.CheckSplitter";
				PRODUCT_NAME = "$(TARGET_NAME)";
				SWIFT_VERSION = 5.0;
				TARGETED_DEVICE_FAMILY = "1,2";
			};
			name = Release;
		};
		760B0E2D25FA75C0000A38C1 /* Debug */ = {
			isa = XCBuildConfiguration;
			buildSettings = {
				ALWAYS_EMBED_SWIFT_STANDARD_LIBRARIES = YES;
				BUNDLE_LOADER = "$(TEST_HOST)";
				CODE_SIGN_STYLE = Automatic;
				INFOPLIST_FILE = CheckSplitterTests/Info.plist;
				IPHONEOS_DEPLOYMENT_TARGET = 13.6;
				LD_RUNPATH_SEARCH_PATHS = (
					"$(inherited)",
					"@executable_path/Frameworks",
					"@loader_path/Frameworks",
				);
				PRODUCT_BUNDLE_IDENTIFIER = "New-Wave-Resolution.CheckSplitterTests";
				PRODUCT_NAME = "$(TARGET_NAME)";
				SWIFT_VERSION = 5.0;
				TARGETED_DEVICE_FAMILY = "1,2";
				TEST_HOST = "$(BUILT_PRODUCTS_DIR)/CheckSplitter.app/CheckSplitter";
			};
			name = Debug;
		};
		760B0E2E25FA75C0000A38C1 /* Release */ = {
			isa = XCBuildConfiguration;
			buildSettings = {
				ALWAYS_EMBED_SWIFT_STANDARD_LIBRARIES = YES;
				BUNDLE_LOADER = "$(TEST_HOST)";
				CODE_SIGN_STYLE = Automatic;
				INFOPLIST_FILE = CheckSplitterTests/Info.plist;
				IPHONEOS_DEPLOYMENT_TARGET = 13.6;
				LD_RUNPATH_SEARCH_PATHS = (
					"$(inherited)",
					"@executable_path/Frameworks",
					"@loader_path/Frameworks",
				);
				PRODUCT_BUNDLE_IDENTIFIER = "New-Wave-Resolution.CheckSplitterTests";
				PRODUCT_NAME = "$(TARGET_NAME)";
				SWIFT_VERSION = 5.0;
				TARGETED_DEVICE_FAMILY = "1,2";
				TEST_HOST = "$(BUILT_PRODUCTS_DIR)/CheckSplitter.app/CheckSplitter";
			};
			name = Release;
		};
		760B0E3025FA75C0000A38C1 /* Debug */ = {
			isa = XCBuildConfiguration;
			buildSettings = {
				ALWAYS_EMBED_SWIFT_STANDARD_LIBRARIES = YES;
				CODE_SIGN_STYLE = Automatic;
				INFOPLIST_FILE = CheckSplitterUITests/Info.plist;
				LD_RUNPATH_SEARCH_PATHS = (
					"$(inherited)",
					"@executable_path/Frameworks",
					"@loader_path/Frameworks",
				);
				PRODUCT_BUNDLE_IDENTIFIER = "New-Wave-Resolution.CheckSplitterUITests";
				PRODUCT_NAME = "$(TARGET_NAME)";
				SWIFT_VERSION = 5.0;
				TARGETED_DEVICE_FAMILY = "1,2";
				TEST_TARGET_NAME = CheckSplitter;
			};
			name = Debug;
		};
		760B0E3125FA75C0000A38C1 /* Release */ = {
			isa = XCBuildConfiguration;
			buildSettings = {
				ALWAYS_EMBED_SWIFT_STANDARD_LIBRARIES = YES;
				CODE_SIGN_STYLE = Automatic;
				INFOPLIST_FILE = CheckSplitterUITests/Info.plist;
				LD_RUNPATH_SEARCH_PATHS = (
					"$(inherited)",
					"@executable_path/Frameworks",
					"@loader_path/Frameworks",
				);
				PRODUCT_BUNDLE_IDENTIFIER = "New-Wave-Resolution.CheckSplitterUITests";
				PRODUCT_NAME = "$(TARGET_NAME)";
				SWIFT_VERSION = 5.0;
				TARGETED_DEVICE_FAMILY = "1,2";
				TEST_TARGET_NAME = CheckSplitter;
			};
			name = Release;
		};
/* End XCBuildConfiguration section */

/* Begin XCConfigurationList section */
		760B0DFA25FA75BD000A38C1 /* Build configuration list for PBXProject "CheckSplitter" */ = {
			isa = XCConfigurationList;
			buildConfigurations = (
				760B0E2725FA75C0000A38C1 /* Debug */,
				760B0E2825FA75C0000A38C1 /* Release */,
			);
			defaultConfigurationIsVisible = 0;
			defaultConfigurationName = Release;
		};
		760B0E2925FA75C0000A38C1 /* Build configuration list for PBXNativeTarget "CheckSplitter" */ = {
			isa = XCConfigurationList;
			buildConfigurations = (
				760B0E2A25FA75C0000A38C1 /* Debug */,
				760B0E2B25FA75C0000A38C1 /* Release */,
			);
			defaultConfigurationIsVisible = 0;
			defaultConfigurationName = Release;
		};
		760B0E2C25FA75C0000A38C1 /* Build configuration list for PBXNativeTarget "CheckSplitterTests" */ = {
			isa = XCConfigurationList;
			buildConfigurations = (
				760B0E2D25FA75C0000A38C1 /* Debug */,
				760B0E2E25FA75C0000A38C1 /* Release */,
			);
			defaultConfigurationIsVisible = 0;
			defaultConfigurationName = Release;
		};
		760B0E2F25FA75C0000A38C1 /* Build configuration list for PBXNativeTarget "CheckSplitterUITests" */ = {
			isa = XCConfigurationList;
			buildConfigurations = (
				760B0E3025FA75C0000A38C1 /* Debug */,
				760B0E3125FA75C0000A38C1 /* Release */,
			);
			defaultConfigurationIsVisible = 0;
			defaultConfigurationName = Release;
		};
/* End XCConfigurationList section */
	};
	rootObject = 760B0DF725FA75BD000A38C1 /* Project object */;
}
